
Microsoft Visual Studio Solution File, Format Version 12.00
# Visual Studio 2013
VisualStudioVersion = 12.0.30723.0
MinimumVisualStudioVersion = 10.0.40219.1
Project("{FAE04EC0-301F-11D3-BF4B-00C04F79EFBC}") = "leap", "leap\leap.csproj", "{0417D440-374D-4FB3-BD26-50559EFA072B}"
EndProject
Project("{FAE04EC0-301F-11D3-BF4B-00C04F79EFBC}") = "bob", "bob\bob.csproj", "{AE6FE854-9165-4A5F-BF88-8B82D0AF9942}"
EndProject
Project("{FAE04EC0-301F-11D3-BF4B-00C04F79EFBC}") = "etl", "etl\etl.csproj", "{E514AB92-85B4-45B5-B53F-E26B43505CD5}"
EndProject
Project("{FAE04EC0-301F-11D3-BF4B-00C04F79EFBC}") = "anagram", "anagram\anagram.csproj", "{A2B7026A-F60C-4C67-A113-73D8EDE7F68B}"
EndProject
Project("{FAE04EC0-301F-11D3-BF4B-00C04F79EFBC}") = "hamming", "hamming\hamming.csproj", "{542FFA47-1A1E-498D-B98D-B21857AF2901}"
EndProject
Project("{FAE04EC0-301F-11D3-BF4B-00C04F79EFBC}") = "word-count", "word-count\word-count.csproj", "{B7496D05-4E01-4460-8C63-7C9F9AEB69AA}"
EndProject
Project("{FAE04EC0-301F-11D3-BF4B-00C04F79EFBC}") = "grade-school", "grade-school\grade-school.csproj", "{30EED5A9-9B9E-48F5-8605-91C831CE8540}"
EndProject
Project("{FAE04EC0-301F-11D3-BF4B-00C04F79EFBC}") = "nucleotide-count", "nucleotide-count\nucleotide-count.csproj", "{B0623207-1F38-4FBE-8E74-07CAEF15D161}"
EndProject
Project("{FAE04EC0-301F-11D3-BF4B-00C04F79EFBC}") = "phone-number", "phone-number\phone-number.csproj", "{140E866A-28D8-449B-8BE8-1559DD76D2E9}"
EndProject
Project("{FAE04EC0-301F-11D3-BF4B-00C04F79EFBC}") = "robot-name", "robot-name\robot-name.csproj", "{30D1B9CB-CBEE-4B3D-967A-64977D59D97D}"
EndProject
Project("{FAE04EC0-301F-11D3-BF4B-00C04F79EFBC}") = "sum-of-multiples", "sum-of-multiples\sum-of-multiples.csproj", "{7103945E-EF2B-47BB-BA41-659270CF8AB8}"
EndProject
Project("{FAE04EC0-301F-11D3-BF4B-00C04F79EFBC}") = "meetup", "meetup\meetup.csproj", "{7BB993AE-6171-4AD7-A711-E675F6E19B82}"
EndProject
Project("{FAE04EC0-301F-11D3-BF4B-00C04F79EFBC}") = "twelve-days", "twelve-days\twelve-days.csproj", "{D9AB9C6C-7D22-415E-9975-55CAD6312649}"
EndProject
Project("{FAE04EC0-301F-11D3-BF4B-00C04F79EFBC}") = "space-age", "space-age\space-age.csproj", "{2DC248AB-EACC-4D66-AFC1-E8C51C3C721A}"
EndProject
Project("{FAE04EC0-301F-11D3-BF4B-00C04F79EFBC}") = "gigasecond", "gigasecond\gigasecond.csproj", "{7AD6C213-0099-4893-ACE7-FE7E8A00F2F3}"
EndProject
Project("{FAE04EC0-301F-11D3-BF4B-00C04F79EFBC}") = "triangle", "triangle\triangle.csproj", "{471621EA-02E7-46EF-8B5C-5796B36DD471}"
EndProject
Project("{FAE04EC0-301F-11D3-BF4B-00C04F79EFBC}") = "scrabble-score", "scrabble-score\scrabble-score.csproj", "{E45CAB4B-C655-408F-A0ED-640A4B35B925}"
EndProject
Project("{FAE04EC0-301F-11D3-BF4B-00C04F79EFBC}") = "roman-numerals", "roman-numerals\roman-numerals.csproj", "{A71EFE13-9A1B-42DA-9249-106EBB87CABD}"
EndProject
Project("{FAE04EC0-301F-11D3-BF4B-00C04F79EFBC}") = "binary", "binary\binary.csproj", "{87E1A145-6980-4A14-8000-5066345D8C1E}"
EndProject
Project("{FAE04EC0-301F-11D3-BF4B-00C04F79EFBC}") = "prime-factors", "prime-factors\prime-factors.csproj", "{1D96570B-08DD-4D9C-B571-D85C8A5008BD}"
EndProject
Project("{FAE04EC0-301F-11D3-BF4B-00C04F79EFBC}") = "raindrops", "raindrops\raindrops.csproj", "{D4DFC914-4C3F-44B4-ADCC-1CF52058370E}"
EndProject
Project("{FAE04EC0-301F-11D3-BF4B-00C04F79EFBC}") = "allergies", "allergies\allergies.csproj", "{B4C9C54C-1957-4098-AD5A-D9582AF37EBF}"
EndProject
Project("{FAE04EC0-301F-11D3-BF4B-00C04F79EFBC}") = "strain", "strain\strain.csproj", "{360DA672-5E4E-4C1C-B13A-5F5CE2CBA005}"
EndProject
Project("{FAE04EC0-301F-11D3-BF4B-00C04F79EFBC}") = "atbash-cipher", "atbash-cipher\atbash-cipher.csproj", "{B00F3024-FB5E-46F4-8DBA-DB5DFACCB927}"
EndProject
Project("{FAE04EC0-301F-11D3-BF4B-00C04F79EFBC}") = "accumulate", "accumulate\accumulate.csproj", "{07BAAB68-53DA-4307-8021-C1F80300CB7D}"
EndProject
Project("{FAE04EC0-301F-11D3-BF4B-00C04F79EFBC}") = "crypto-square", "crypto-square\crypto-square.csproj", "{C6019AE6-47EE-4215-BF3D-97BA255A88B2}"
EndProject
Project("{FAE04EC0-301F-11D3-BF4B-00C04F79EFBC}") = "trinary", "trinary\trinary.csproj", "{3767A092-BB4D-4ADC-9E26-C99C41137673}"
EndProject
Project("{FAE04EC0-301F-11D3-BF4B-00C04F79EFBC}") = "rna-transcription", "rna-transcription\rna-transcription.csproj", "{F0BE89F5-C540-4FA9-89B1-7C9C7CA005F6}"
EndProject
Project("{FAE04EC0-301F-11D3-BF4B-00C04F79EFBC}") = "sieve", "sieve\sieve.csproj", "{AA5A8EF3-F709-45EC-B93F-8FEB4D4951EE}"
EndProject
Project("{FAE04EC0-301F-11D3-BF4B-00C04F79EFBC}") = "simple-cipher", "simple-cipher\simple-cipher.csproj", "{27BD4DEE-2920-4FEA-8E13-53A11A2715B4}"
EndProject
Project("{FAE04EC0-301F-11D3-BF4B-00C04F79EFBC}") = "octal", "octal\octal.csproj", "{D67A476B-285B-4860-86BB-9D0996212905}"
EndProject
Project("{FAE04EC0-301F-11D3-BF4B-00C04F79EFBC}") = "luhn", "luhn\luhn.csproj", "{41C77CDE-48E5-4D5A-A13A-0BB17C576A47}"
EndProject
Global
	GlobalSection(SolutionConfigurationPlatforms) = preSolution
		Debug|Any CPU = Debug|Any CPU
		Release|Any CPU = Release|Any CPU
	EndGlobalSection
	GlobalSection(ProjectConfigurationPlatforms) = postSolution
		{0417D440-374D-4FB3-BD26-50559EFA072B}.Debug|Any CPU.ActiveCfg = Debug|Any CPU
		{0417D440-374D-4FB3-BD26-50559EFA072B}.Debug|Any CPU.Build.0 = Debug|Any CPU
		{0417D440-374D-4FB3-BD26-50559EFA072B}.Release|Any CPU.ActiveCfg = Release|Any CPU
		{0417D440-374D-4FB3-BD26-50559EFA072B}.Release|Any CPU.Build.0 = Release|Any CPU
		{AE6FE854-9165-4A5F-BF88-8B82D0AF9942}.Debug|Any CPU.ActiveCfg = Debug|Any CPU
		{AE6FE854-9165-4A5F-BF88-8B82D0AF9942}.Debug|Any CPU.Build.0 = Debug|Any CPU
		{AE6FE854-9165-4A5F-BF88-8B82D0AF9942}.Release|Any CPU.ActiveCfg = Release|Any CPU
		{AE6FE854-9165-4A5F-BF88-8B82D0AF9942}.Release|Any CPU.Build.0 = Release|Any CPU
		{E514AB92-85B4-45B5-B53F-E26B43505CD5}.Debug|Any CPU.ActiveCfg = Debug|Any CPU
		{E514AB92-85B4-45B5-B53F-E26B43505CD5}.Debug|Any CPU.Build.0 = Debug|Any CPU
		{E514AB92-85B4-45B5-B53F-E26B43505CD5}.Release|Any CPU.ActiveCfg = Release|Any CPU
		{E514AB92-85B4-45B5-B53F-E26B43505CD5}.Release|Any CPU.Build.0 = Release|Any CPU
		{A2B7026A-F60C-4C67-A113-73D8EDE7F68B}.Debug|Any CPU.ActiveCfg = Debug|Any CPU
		{A2B7026A-F60C-4C67-A113-73D8EDE7F68B}.Debug|Any CPU.Build.0 = Debug|Any CPU
		{A2B7026A-F60C-4C67-A113-73D8EDE7F68B}.Release|Any CPU.ActiveCfg = Release|Any CPU
		{A2B7026A-F60C-4C67-A113-73D8EDE7F68B}.Release|Any CPU.Build.0 = Release|Any CPU
		{542FFA47-1A1E-498D-B98D-B21857AF2901}.Debug|Any CPU.ActiveCfg = Debug|Any CPU
		{542FFA47-1A1E-498D-B98D-B21857AF2901}.Debug|Any CPU.Build.0 = Debug|Any CPU
		{542FFA47-1A1E-498D-B98D-B21857AF2901}.Release|Any CPU.ActiveCfg = Release|Any CPU
		{542FFA47-1A1E-498D-B98D-B21857AF2901}.Release|Any CPU.Build.0 = Release|Any CPU
		{B7496D05-4E01-4460-8C63-7C9F9AEB69AA}.Debug|Any CPU.ActiveCfg = Debug|Any CPU
		{B7496D05-4E01-4460-8C63-7C9F9AEB69AA}.Debug|Any CPU.Build.0 = Debug|Any CPU
		{B7496D05-4E01-4460-8C63-7C9F9AEB69AA}.Release|Any CPU.ActiveCfg = Release|Any CPU
		{B7496D05-4E01-4460-8C63-7C9F9AEB69AA}.Release|Any CPU.Build.0 = Release|Any CPU
		{30EED5A9-9B9E-48F5-8605-91C831CE8540}.Debug|Any CPU.ActiveCfg = Debug|Any CPU
		{30EED5A9-9B9E-48F5-8605-91C831CE8540}.Debug|Any CPU.Build.0 = Debug|Any CPU
		{30EED5A9-9B9E-48F5-8605-91C831CE8540}.Release|Any CPU.ActiveCfg = Release|Any CPU
		{30EED5A9-9B9E-48F5-8605-91C831CE8540}.Release|Any CPU.Build.0 = Release|Any CPU
		{B0623207-1F38-4FBE-8E74-07CAEF15D161}.Debug|Any CPU.ActiveCfg = Debug|Any CPU
		{B0623207-1F38-4FBE-8E74-07CAEF15D161}.Debug|Any CPU.Build.0 = Debug|Any CPU
		{B0623207-1F38-4FBE-8E74-07CAEF15D161}.Release|Any CPU.ActiveCfg = Release|Any CPU
		{B0623207-1F38-4FBE-8E74-07CAEF15D161}.Release|Any CPU.Build.0 = Release|Any CPU
		{140E866A-28D8-449B-8BE8-1559DD76D2E9}.Debug|Any CPU.ActiveCfg = Debug|Any CPU
		{140E866A-28D8-449B-8BE8-1559DD76D2E9}.Debug|Any CPU.Build.0 = Debug|Any CPU
		{140E866A-28D8-449B-8BE8-1559DD76D2E9}.Release|Any CPU.ActiveCfg = Release|Any CPU
		{140E866A-28D8-449B-8BE8-1559DD76D2E9}.Release|Any CPU.Build.0 = Release|Any CPU
		{30D1B9CB-CBEE-4B3D-967A-64977D59D97D}.Debug|Any CPU.ActiveCfg = Debug|Any CPU
		{30D1B9CB-CBEE-4B3D-967A-64977D59D97D}.Debug|Any CPU.Build.0 = Debug|Any CPU
		{30D1B9CB-CBEE-4B3D-967A-64977D59D97D}.Release|Any CPU.ActiveCfg = Release|Any CPU
		{30D1B9CB-CBEE-4B3D-967A-64977D59D97D}.Release|Any CPU.Build.0 = Release|Any CPU
		{7103945E-EF2B-47BB-BA41-659270CF8AB8}.Debug|Any CPU.ActiveCfg = Debug|Any CPU
		{7103945E-EF2B-47BB-BA41-659270CF8AB8}.Debug|Any CPU.Build.0 = Debug|Any CPU
		{7103945E-EF2B-47BB-BA41-659270CF8AB8}.Release|Any CPU.ActiveCfg = Release|Any CPU
		{7103945E-EF2B-47BB-BA41-659270CF8AB8}.Release|Any CPU.Build.0 = Release|Any CPU
		{7BB993AE-6171-4AD7-A711-E675F6E19B82}.Debug|Any CPU.ActiveCfg = Debug|Any CPU
		{7BB993AE-6171-4AD7-A711-E675F6E19B82}.Debug|Any CPU.Build.0 = Debug|Any CPU
		{7BB993AE-6171-4AD7-A711-E675F6E19B82}.Release|Any CPU.ActiveCfg = Release|Any CPU
		{7BB993AE-6171-4AD7-A711-E675F6E19B82}.Release|Any CPU.Build.0 = Release|Any CPU
		{D9AB9C6C-7D22-415E-9975-55CAD6312649}.Debug|Any CPU.ActiveCfg = Debug|Any CPU
		{D9AB9C6C-7D22-415E-9975-55CAD6312649}.Debug|Any CPU.Build.0 = Debug|Any CPU
		{D9AB9C6C-7D22-415E-9975-55CAD6312649}.Release|Any CPU.ActiveCfg = Release|Any CPU
		{D9AB9C6C-7D22-415E-9975-55CAD6312649}.Release|Any CPU.Build.0 = Release|Any CPU
		{2DC248AB-EACC-4D66-AFC1-E8C51C3C721A}.Debug|Any CPU.ActiveCfg = Debug|Any CPU
		{2DC248AB-EACC-4D66-AFC1-E8C51C3C721A}.Debug|Any CPU.Build.0 = Debug|Any CPU
		{2DC248AB-EACC-4D66-AFC1-E8C51C3C721A}.Release|Any CPU.ActiveCfg = Release|Any CPU
		{2DC248AB-EACC-4D66-AFC1-E8C51C3C721A}.Release|Any CPU.Build.0 = Release|Any CPU
		{7AD6C213-0099-4893-ACE7-FE7E8A00F2F3}.Debug|Any CPU.ActiveCfg = Debug|Any CPU
		{7AD6C213-0099-4893-ACE7-FE7E8A00F2F3}.Debug|Any CPU.Build.0 = Debug|Any CPU
		{7AD6C213-0099-4893-ACE7-FE7E8A00F2F3}.Release|Any CPU.ActiveCfg = Release|Any CPU
		{7AD6C213-0099-4893-ACE7-FE7E8A00F2F3}.Release|Any CPU.Build.0 = Release|Any CPU
		{471621EA-02E7-46EF-8B5C-5796B36DD471}.Debug|Any CPU.ActiveCfg = Debug|Any CPU
		{471621EA-02E7-46EF-8B5C-5796B36DD471}.Debug|Any CPU.Build.0 = Debug|Any CPU
		{471621EA-02E7-46EF-8B5C-5796B36DD471}.Release|Any CPU.ActiveCfg = Release|Any CPU
		{471621EA-02E7-46EF-8B5C-5796B36DD471}.Release|Any CPU.Build.0 = Release|Any CPU
		{E45CAB4B-C655-408F-A0ED-640A4B35B925}.Debug|Any CPU.ActiveCfg = Debug|Any CPU
		{E45CAB4B-C655-408F-A0ED-640A4B35B925}.Debug|Any CPU.Build.0 = Debug|Any CPU
		{E45CAB4B-C655-408F-A0ED-640A4B35B925}.Release|Any CPU.ActiveCfg = Release|Any CPU
		{E45CAB4B-C655-408F-A0ED-640A4B35B925}.Release|Any CPU.Build.0 = Release|Any CPU
		{A71EFE13-9A1B-42DA-9249-106EBB87CABD}.Debug|Any CPU.ActiveCfg = Debug|Any CPU
		{A71EFE13-9A1B-42DA-9249-106EBB87CABD}.Debug|Any CPU.Build.0 = Debug|Any CPU
		{A71EFE13-9A1B-42DA-9249-106EBB87CABD}.Release|Any CPU.ActiveCfg = Release|Any CPU
		{A71EFE13-9A1B-42DA-9249-106EBB87CABD}.Release|Any CPU.Build.0 = Release|Any CPU
		{87E1A145-6980-4A14-8000-5066345D8C1E}.Debug|Any CPU.ActiveCfg = Debug|Any CPU
		{87E1A145-6980-4A14-8000-5066345D8C1E}.Debug|Any CPU.Build.0 = Debug|Any CPU
		{87E1A145-6980-4A14-8000-5066345D8C1E}.Release|Any CPU.ActiveCfg = Release|Any CPU
		{87E1A145-6980-4A14-8000-5066345D8C1E}.Release|Any CPU.Build.0 = Release|Any CPU
		{1D96570B-08DD-4D9C-B571-D85C8A5008BD}.Debug|Any CPU.ActiveCfg = Debug|Any CPU
		{1D96570B-08DD-4D9C-B571-D85C8A5008BD}.Debug|Any CPU.Build.0 = Debug|Any CPU
		{1D96570B-08DD-4D9C-B571-D85C8A5008BD}.Release|Any CPU.ActiveCfg = Release|Any CPU
		{1D96570B-08DD-4D9C-B571-D85C8A5008BD}.Release|Any CPU.Build.0 = Release|Any CPU
		{D4DFC914-4C3F-44B4-ADCC-1CF52058370E}.Debug|Any CPU.ActiveCfg = Debug|Any CPU
		{D4DFC914-4C3F-44B4-ADCC-1CF52058370E}.Debug|Any CPU.Build.0 = Debug|Any CPU
		{D4DFC914-4C3F-44B4-ADCC-1CF52058370E}.Release|Any CPU.ActiveCfg = Release|Any CPU
		{D4DFC914-4C3F-44B4-ADCC-1CF52058370E}.Release|Any CPU.Build.0 = Release|Any CPU
		{B4C9C54C-1957-4098-AD5A-D9582AF37EBF}.Debug|Any CPU.ActiveCfg = Debug|Any CPU
		{B4C9C54C-1957-4098-AD5A-D9582AF37EBF}.Debug|Any CPU.Build.0 = Debug|Any CPU
		{B4C9C54C-1957-4098-AD5A-D9582AF37EBF}.Release|Any CPU.ActiveCfg = Release|Any CPU
		{B4C9C54C-1957-4098-AD5A-D9582AF37EBF}.Release|Any CPU.Build.0 = Release|Any CPU
		{360DA672-5E4E-4C1C-B13A-5F5CE2CBA005}.Debug|Any CPU.ActiveCfg = Debug|Any CPU
		{360DA672-5E4E-4C1C-B13A-5F5CE2CBA005}.Debug|Any CPU.Build.0 = Debug|Any CPU
		{360DA672-5E4E-4C1C-B13A-5F5CE2CBA005}.Release|Any CPU.ActiveCfg = Release|Any CPU
		{360DA672-5E4E-4C1C-B13A-5F5CE2CBA005}.Release|Any CPU.Build.0 = Release|Any CPU
		{B00F3024-FB5E-46F4-8DBA-DB5DFACCB927}.Debug|Any CPU.ActiveCfg = Debug|Any CPU
		{B00F3024-FB5E-46F4-8DBA-DB5DFACCB927}.Debug|Any CPU.Build.0 = Debug|Any CPU
		{B00F3024-FB5E-46F4-8DBA-DB5DFACCB927}.Release|Any CPU.ActiveCfg = Release|Any CPU
		{B00F3024-FB5E-46F4-8DBA-DB5DFACCB927}.Release|Any CPU.Build.0 = Release|Any CPU
		{07BAAB68-53DA-4307-8021-C1F80300CB7D}.Debug|Any CPU.ActiveCfg = Debug|Any CPU
		{07BAAB68-53DA-4307-8021-C1F80300CB7D}.Debug|Any CPU.Build.0 = Debug|Any CPU
		{07BAAB68-53DA-4307-8021-C1F80300CB7D}.Release|Any CPU.ActiveCfg = Release|Any CPU
		{07BAAB68-53DA-4307-8021-C1F80300CB7D}.Release|Any CPU.Build.0 = Release|Any CPU
		{C6019AE6-47EE-4215-BF3D-97BA255A88B2}.Debug|Any CPU.ActiveCfg = Debug|Any CPU
		{C6019AE6-47EE-4215-BF3D-97BA255A88B2}.Debug|Any CPU.Build.0 = Debug|Any CPU
		{C6019AE6-47EE-4215-BF3D-97BA255A88B2}.Release|Any CPU.ActiveCfg = Release|Any CPU
		{C6019AE6-47EE-4215-BF3D-97BA255A88B2}.Release|Any CPU.Build.0 = Release|Any CPU
		{3767A092-BB4D-4ADC-9E26-C99C41137673}.Debug|Any CPU.ActiveCfg = Debug|Any CPU
		{3767A092-BB4D-4ADC-9E26-C99C41137673}.Debug|Any CPU.Build.0 = Debug|Any CPU
		{3767A092-BB4D-4ADC-9E26-C99C41137673}.Release|Any CPU.ActiveCfg = Release|Any CPU
		{3767A092-BB4D-4ADC-9E26-C99C41137673}.Release|Any CPU.Build.0 = Release|Any CPU
		{F0BE89F5-C540-4FA9-89B1-7C9C7CA005F6}.Debug|Any CPU.ActiveCfg = Debug|Any CPU
		{F0BE89F5-C540-4FA9-89B1-7C9C7CA005F6}.Debug|Any CPU.Build.0 = Debug|Any CPU
		{F0BE89F5-C540-4FA9-89B1-7C9C7CA005F6}.Release|Any CPU.ActiveCfg = Release|Any CPU
		{F0BE89F5-C540-4FA9-89B1-7C9C7CA005F6}.Release|Any CPU.Build.0 = Release|Any CPU
		{AA5A8EF3-F709-45EC-B93F-8FEB4D4951EE}.Debug|Any CPU.ActiveCfg = Debug|Any CPU
		{AA5A8EF3-F709-45EC-B93F-8FEB4D4951EE}.Debug|Any CPU.Build.0 = Debug|Any CPU
		{AA5A8EF3-F709-45EC-B93F-8FEB4D4951EE}.Release|Any CPU.ActiveCfg = Release|Any CPU
		{AA5A8EF3-F709-45EC-B93F-8FEB4D4951EE}.Release|Any CPU.Build.0 = Release|Any CPU
		{27BD4DEE-2920-4FEA-8E13-53A11A2715B4}.Debug|Any CPU.ActiveCfg = Debug|Any CPU
		{27BD4DEE-2920-4FEA-8E13-53A11A2715B4}.Debug|Any CPU.Build.0 = Debug|Any CPU
		{27BD4DEE-2920-4FEA-8E13-53A11A2715B4}.Release|Any CPU.ActiveCfg = Release|Any CPU
		{27BD4DEE-2920-4FEA-8E13-53A11A2715B4}.Release|Any CPU.Build.0 = Release|Any CPU
		{D67A476B-285B-4860-86BB-9D0996212905}.Debug|Any CPU.ActiveCfg = Debug|Any CPU
		{D67A476B-285B-4860-86BB-9D0996212905}.Debug|Any CPU.Build.0 = Debug|Any CPU
		{D67A476B-285B-4860-86BB-9D0996212905}.Release|Any CPU.ActiveCfg = Release|Any CPU
		{D67A476B-285B-4860-86BB-9D0996212905}.Release|Any CPU.Build.0 = Release|Any CPU
		{41C77CDE-48E5-4D5A-A13A-0BB17C576A47}.Debug|Any CPU.ActiveCfg = Debug|Any CPU
		{41C77CDE-48E5-4D5A-A13A-0BB17C576A47}.Debug|Any CPU.Build.0 = Debug|Any CPU
		{41C77CDE-48E5-4D5A-A13A-0BB17C576A47}.Release|Any CPU.ActiveCfg = Release|Any CPU
		{41C77CDE-48E5-4D5A-A13A-0BB17C576A47}.Release|Any CPU.Build.0 = Release|Any CPU
	EndGlobalSection
	GlobalSection(SolutionProperties) = preSolution
		HideSolutionNode = FALSE
	EndGlobalSection
EndGlobal
